PODS:
  - Alamofire (4.8.1)
  - Nimble (8.0.1)
  - SnapKit (4.2.0)

DEPENDENCIES:
  - Alamofire
  - Nimble
  - SnapKit

SPEC REPOS:
  https://github.com/cocoapods/specs.git:
    - Alamofire
    - Nimble
    - SnapKit

SPEC CHECKSUMS:
  Alamofire: 16ce2c353fb72865124ddae8a57c5942388f4f11
  Nimble: 45f786ae66faa9a709624227fae502db55a8bdd0
  SnapKit: fe8a619752f3f27075cc9a90244d75c6c3f27e2a

PODFILE CHECKSUM: 82d473bf58f51a316f5fe957a4c88c6a9c3be029

COCOAPODS: 1.6.0
