// !$*UTF8*$!
{
	archiveVersion = 1;
	classes = {
	};
	objectVersion = 50;
	objects = {

/* Begin PBXBuildFile section */
		265DB75855F5D1FEE6192E93 /* Pods_PostReaderTests.framework in Frameworks */ = {isa = PBXBuildFile; fileRef = 7F224DFE8C33F922F92BF636 /* Pods_PostReaderTests.framework */; };
		72090E8E2250D3BC002EB632 /* Margin.swift in Sources */ = {isa = PBXBuildFile; fileRef = 72090E8D2250D3BC002EB632 /* Margin.swift */; };
		72090E902250D621002EB632 /* ImageView.swift in Sources */ = {isa = PBXBuildFile; fileRef = 72090E8F2250D621002EB632 /* ImageView.swift */; };
		72090E922250D6B1002EB632 /* TextViewModel.swift in Sources */ = {isa = PBXBuildFile; fileRef = 72090E912250D6B1002EB632 /* TextViewModel.swift */; };
		72090E942250DB44002EB632 /* PostCell.swift in Sources */ = {isa = PBXBuildFile; fileRef = 72090E932250DB44002EB632 /* PostCell.swift */; };
		7221C5E4224679B1002CF40F /* NetworkRouteTests.swift in Sources */ = {isa = PBXBuildFile; fileRef = 7221C5E3224679B1002CF40F /* NetworkRouteTests.swift */; };
		72452AB4225105B4001B13B2 /* Localizable.strings in Resources */ = {isa = PBXBuildFile; fileRef = 72452AB6225105B4001B13B2 /* Localizable.strings */; };
		72452AB922510685001B13B2 /* Localizing.swift in Sources */ = {isa = PBXBuildFile; fileRef = 72452AB822510685001B13B2 /* Localizing.swift */; };
		724D0C0C224F848100B4C940 /* Photo.swift in Sources */ = {isa = PBXBuildFile; fileRef = 724D0C0B224F848100B4C940 /* Photo.swift */; };
		724D0C10224F856900B4C940 /* Clearing.swift in Sources */ = {isa = PBXBuildFile; fileRef = 724D0C0F224F856900B4C940 /* Clearing.swift */; };
		724D0C13224F85BB00B4C940 /* UIImageViewClearing.swift in Sources */ = {isa = PBXBuildFile; fileRef = 724D0C12224F85BB00B4C940 /* UIImageViewClearing.swift */; };
		724D0C15224F8D8600B4C940 /* PostView.swift in Sources */ = {isa = PBXBuildFile; fileRef = 724D0C14224F8D8600B4C940 /* PostView.swift */; };
		724D0C19224F8E4C00B4C940 /* PhotoPostView.swift in Sources */ = {isa = PBXBuildFile; fileRef = 724D0C18224F8E4C00B4C940 /* PhotoPostView.swift */; };
		724D0C1B224F8FBB00B4C940 /* PhotoPostCell.swift in Sources */ = {isa = PBXBuildFile; fileRef = 724D0C1A224F8FBB00B4C940 /* PhotoPostCell.swift */; };
		724D0C1D224F909E00B4C940 /* ImageViewModel.swift in Sources */ = {isa = PBXBuildFile; fileRef = 724D0C1C224F909D00B4C940 /* ImageViewModel.swift */; };
		724D0C20224FC2EF00B4C940 /* PostViewModel.swift in Sources */ = {isa = PBXBuildFile; fileRef = 724D0C1F224FC2EF00B4C940 /* PostViewModel.swift */; };
		724D0C22224FC36900B4C940 /* PhotoPostViewModel.swift in Sources */ = {isa = PBXBuildFile; fileRef = 724D0C21224FC36900B4C940 /* PhotoPostViewModel.swift */; };
		724D0C25224FC4ED00B4C940 /* PhotoPostViewModelTests.swift in Sources */ = {isa = PBXBuildFile; fileRef = 724D0C24224FC4ED00B4C940 /* PhotoPostViewModelTests.swift */; };
		724D0C27224FC83900B4C940 /* PostViewModelFactory.swift in Sources */ = {isa = PBXBuildFile; fileRef = 724D0C26224FC83900B4C940 /* PostViewModelFactory.swift */; };
		724D0C2C224FCAC800B4C940 /* PostViewModelFactory.swift in Sources */ = {isa = PBXBuildFile; fileRef = 724D0C2B224FCAC800B4C940 /* PostViewModelFactory.swift */; };
		724D0C2E224FDB1100B4C940 /* Colors.swift in Sources */ = {isa = PBXBuildFile; fileRef = 724D0C2D224FDB1100B4C940 /* Colors.swift */; };
		7255CDC22246A85B00C41E84 /* NetworkRepository.swift in Sources */ = {isa = PBXBuildFile; fileRef = 7255CDC12246A85B00C41E84 /* NetworkRepository.swift */; };
		7255CDC42246A8B100C41E84 /* AnyRepository.swift in Sources */ = {isa = PBXBuildFile; fileRef = 7255CDC32246A8B100C41E84 /* AnyRepository.swift */; };
		7255CDC62246A91600C41E84 /* Specification.swift in Sources */ = {isa = PBXBuildFile; fileRef = 7255CDC52246A91600C41E84 /* Specification.swift */; };
		7255CDC82246A92F00C41E84 /* NetworkSpecification.swift in Sources */ = {isa = PBXBuildFile; fileRef = 7255CDC72246A92F00C41E84 /* NetworkSpecification.swift */; };
		7255CDCA2246A9B900C41E84 /* RepositoryQueryResult.swift in Sources */ = {isa = PBXBuildFile; fileRef = 7255CDC92246A9B900C41E84 /* RepositoryQueryResult.swift */; };
		7255CDCF2246AB0400C41E84 /* RepositoryMock.swift in Sources */ = {isa = PBXBuildFile; fileRef = 7255CDCE2246AB0400C41E84 /* RepositoryMock.swift */; };
		7255CDD32246AC4F00C41E84 /* NetworkRepositoryTests.swift in Sources */ = {isa = PBXBuildFile; fileRef = 7255CDD22246AC4F00C41E84 /* NetworkRepositoryTests.swift */; };
		7255CDD62246AD5E00C41E84 /* SpecificationMock.swift in Sources */ = {isa = PBXBuildFile; fileRef = 7255CDD52246AD5E00C41E84 /* SpecificationMock.swift */; };
		7255CDDA2246AFCD00C41E84 /* Comparisons.swift in Sources */ = {isa = PBXBuildFile; fileRef = 7255CDD92246AFCD00C41E84 /* Comparisons.swift */; };
		7255CDDC2246B07F00C41E84 /* AnyRepositoryTests.swift in Sources */ = {isa = PBXBuildFile; fileRef = 7255CDDB2246B07F00C41E84 /* AnyRepositoryTests.swift */; };
		72602F0D22476EE80096FE34 /* PostsSpecification.swift in Sources */ = {isa = PBXBuildFile; fileRef = 72602F0C22476EE80096FE34 /* PostsSpecification.swift */; };
		72602F10224771F40096FE34 /* CustomView.swift in Sources */ = {isa = PBXBuildFile; fileRef = 72602F0F224771F40096FE34 /* CustomView.swift */; };
		72602F16224773BB0096FE34 /* CustomViewController.swift in Sources */ = {isa = PBXBuildFile; fileRef = 72602F15224773BB0096FE34 /* CustomViewController.swift */; };
		72602F19224774090096FE34 /* PostsView.swift in Sources */ = {isa = PBXBuildFile; fileRef = 72602F18224774090096FE34 /* PostsView.swift */; };
		72602F1B224775130096FE34 /* PostsViewController.swift in Sources */ = {isa = PBXBuildFile; fileRef = 72602F1A224775130096FE34 /* PostsViewController.swift */; };
		72602F1D22477F6B0096FE34 /* TextPostView.swift in Sources */ = {isa = PBXBuildFile; fileRef = 72602F1C22477F6B0096FE34 /* TextPostView.swift */; };
		72602F1F2247808C0096FE34 /* CustomTableViewCell.swift in Sources */ = {isa = PBXBuildFile; fileRef = 72602F1E2247808C0096FE34 /* CustomTableViewCell.swift */; };
		72602F21224781220096FE34 /* FatalErroring.swift in Sources */ = {isa = PBXBuildFile; fileRef = 72602F20224781220096FE34 /* FatalErroring.swift */; };
		72602F24224781A00096FE34 /* CustomViewContaining.swift in Sources */ = {isa = PBXBuildFile; fileRef = 72602F23224781A00096FE34 /* CustomViewContaining.swift */; };
		72602F27224782F20096FE34 /* Configuring.swift in Sources */ = {isa = PBXBuildFile; fileRef = 72602F26224782F20096FE34 /* Configuring.swift */; };
		72602F29224784310096FE34 /* TextPostCell.swift in Sources */ = {isa = PBXBuildFile; fileRef = 72602F28224784310096FE34 /* TextPostCell.swift */; };
		72602F2C224786BB0096FE34 /* TextPostViewModel.swift in Sources */ = {isa = PBXBuildFile; fileRef = 72602F2B224786BB0096FE34 /* TextPostViewModel.swift */; };
		72602F2F224787460096FE34 /* PostsViewModel.swift in Sources */ = {isa = PBXBuildFile; fileRef = 72602F2E224787460096FE34 /* PostsViewModel.swift */; };
		72602F31224788480096FE34 /* ModelConfiguring.swift in Sources */ = {isa = PBXBuildFile; fileRef = 72602F30224788480096FE34 /* ModelConfiguring.swift */; };
		72602F3622478FA50096FE34 /* PostsViewModelTests.swift in Sources */ = {isa = PBXBuildFile; fileRef = 72602F3522478FA50096FE34 /* PostsViewModelTests.swift */; };
		72602F3B224793420096FE34 /* PostFactory.swift in Sources */ = {isa = PBXBuildFile; fileRef = 72602F3A224793420096FE34 /* PostFactory.swift */; };
		72602F3D22479C830096FE34 /* CellReuseIdentifying.swift in Sources */ = {isa = PBXBuildFile; fileRef = 72602F3C22479C830096FE34 /* CellReuseIdentifying.swift */; };
		72602F4022479D860096FE34 /* CellDequeuingAndRegistering.swift in Sources */ = {isa = PBXBuildFile; fileRef = 72602F3F22479D860096FE34 /* CellDequeuingAndRegistering.swift */; };
		72602F442247AF5E0096FE34 /* CellConfiguring.swift in Sources */ = {isa = PBXBuildFile; fileRef = 72602F432247AF5E0096FE34 /* CellConfiguring.swift */; };
		72602F462247AFB90096FE34 /* PostsTableViewDataSourceAndDelegate.swift in Sources */ = {isa = PBXBuildFile; fileRef = 72602F452247AFB90096FE34 /* PostsTableViewDataSourceAndDelegate.swift */; };
		72602F482247B0180096FE34 /* PostsTableViewDataSourceAndDelegateModel.swift in Sources */ = {isa = PBXBuildFile; fileRef = 72602F472247B0180096FE34 /* PostsTableViewDataSourceAndDelegateModel.swift */; };
		72602F4A2247B2A40096FE34 /* ViewLoading.swift in Sources */ = {isa = PBXBuildFile; fileRef = 72602F492247B2A40096FE34 /* ViewLoading.swift */; };
		72ABDF5222467D1600B04FDD /* NetworkRoute.swift in Sources */ = {isa = PBXBuildFile; fileRef = 72ABDF5122467D1600B04FDD /* NetworkRoute.swift */; };
		72ABDF5422467D3D00B04FDD /* Page.swift in Sources */ = {isa = PBXBuildFile; fileRef = 72ABDF5322467D3D00B04FDD /* Page.swift */; };
		72ABDF562246871000B04FDD /* Post.swift in Sources */ = {isa = PBXBuildFile; fileRef = 72ABDF552246871000B04FDD /* Post.swift */; };
		72ABDF5922468E8E00B04FDD /* PostFormat.swift in Sources */ = {isa = PBXBuildFile; fileRef = 72ABDF5822468E8E00B04FDD /* PostFormat.swift */; };
		72ABDF5C22468ECB00B04FDD /* PostType.swift in Sources */ = {isa = PBXBuildFile; fileRef = 72ABDF5B22468ECB00B04FDD /* PostType.swift */; };
		72ABDF5E224695F600B04FDD /* Posts.swift in Sources */ = {isa = PBXBuildFile; fileRef = 72ABDF5D224695F600B04FDD /* Posts.swift */; };
		72ABDF602246981600B04FDD /* Repository.swift in Sources */ = {isa = PBXBuildFile; fileRef = 72ABDF5F2246981600B04FDD /* Repository.swift */; };
		72BAEF5B225A4F6200C94D53 /* UnpaddedTextView.swift in Sources */ = {isa = PBXBuildFile; fileRef = 72BAEF5A225A4F6200C94D53 /* UnpaddedTextView.swift */; };
		72BAEF5D225A500100C94D53 /* HeightPreferring.swift in Sources */ = {isa = PBXBuildFile; fileRef = 72BAEF5C225A500100C94D53 /* HeightPreferring.swift */; };
		72BAEF5F225A5A4E00C94D53 /* UITableViewDataSourcingAndDelegating.swift in Sources */ = {isa = PBXBuildFile; fileRef = 72BAEF5E225A5A4E00C94D53 /* UITableViewDataSourcingAndDelegating.swift */; };
		72BAEF61225A713800C94D53 /* PostsTableViewDataSourceAndDelegateModelTests.swift in Sources */ = {isa = PBXBuildFile; fileRef = 72BAEF60225A713800C94D53 /* PostsTableViewDataSourceAndDelegateModelTests.swift */; };
		72CB6E8222402D730038154B /* AppDelegate.swift in Sources */ = {isa = PBXBuildFile; fileRef = 72CB6E8122402D730038154B /* AppDelegate.swift */; };
		72CB6E8922402D740038154B /* Assets.xcassets in Resources */ = {isa = PBXBuildFile; fileRef = 72CB6E8822402D740038154B /* Assets.xcassets */; };
		72CB6E8C22402D740038154B /* LaunchScreen.storyboard in Resources */ = {isa = PBXBuildFile; fileRef = 72CB6E8A22402D740038154B /* LaunchScreen.storyboard */; };
		72E9FBF92252984D00F853DA /* RepositoryAction.swift in Sources */ = {isa = PBXBuildFile; fileRef = 72E9FBF82252984D00F853DA /* RepositoryAction.swift */; };
		72E9FBFB2252987700F853DA /* NetworkRepositoryAction.swift in Sources */ = {isa = PBXBuildFile; fileRef = 72E9FBFA2252987700F853DA /* NetworkRepositoryAction.swift */; };
		72F6F757224BF8660071C639 /* TextPostViewModelTests.swift in Sources */ = {isa = PBXBuildFile; fileRef = 72F6F756224BF8660071C639 /* TextPostViewModelTests.swift */; };
		B3A6D3FD1F54330FDA71318B /* Pods_PostReader.framework in Frameworks */ = {isa = PBXBuildFile; fileRef = 0F1F8F49F869E81D64A5FFB2 /* Pods_PostReader.framework */; };
/* End PBXBuildFile section */

/* Begin PBXContainerItemProxy section */
		7221C5E6224679B1002CF40F /* PBXContainerItemProxy */ = {
			isa = PBXContainerItemProxy;
			containerPortal = 72CB6E7622402D730038154B /* Project object */;
			proxyType = 1;
			remoteGlobalIDString = 72CB6E7D22402D730038154B;
			remoteInfo = PostReader;
		};
/* End PBXContainerItemProxy section */

/* Begin PBXFileReference section */
		0F1F8F49F869E81D64A5FFB2 /* Pods_PostReader.framework */ = {isa = PBXFileReference; explicitFileType = wrapper.framework; includeInIndex = 0; path = Pods_PostReader.framework; sourceTree = BUILT_PRODUCTS_DIR; };
		25BC28588BBB3BA69A225B3F /* Pods-PostReader.debug.xcconfig */ = {isa = PBXFileReference; includeInIndex = 1; lastKnownFileType = text.xcconfig; name = "Pods-PostReader.debug.xcconfig"; path = "Target Support Files/Pods-PostReader/Pods-PostReader.debug.xcconfig"; sourceTree = "<group>"; };
		6DC781188A335F554AC78164 /* Pods-PostReader.release.xcconfig */ = {isa = PBXFileReference; includeInIndex = 1; lastKnownFileType = text.xcconfig; name = "Pods-PostReader.release.xcconfig"; path = "Target Support Files/Pods-PostReader/Pods-PostReader.release.xcconfig"; sourceTree = "<group>"; };
		72090E8D2250D3BC002EB632 /* Margin.swift */ = {isa = PBXFileReference; lastKnownFileType = sourcecode.swift; path = Margin.swift; sourceTree = "<group>"; };
		72090E8F2250D621002EB632 /* ImageView.swift */ = {isa = PBXFileReference; lastKnownFileType = sourcecode.swift; path = ImageView.swift; sourceTree = "<group>"; };
		72090E912250D6B1002EB632 /* TextViewModel.swift */ = {isa = PBXFileReference; lastKnownFileType = sourcecode.swift; path = TextViewModel.swift; sourceTree = "<group>"; };
		72090E932250DB44002EB632 /* PostCell.swift */ = {isa = PBXFileReference; lastKnownFileType = sourcecode.swift; path = PostCell.swift; sourceTree = "<group>"; };
		7221C5E1224679B1002CF40F /* PostReaderTests.xctest */ = {isa = PBXFileReference; explicitFileType = wrapper.cfbundle; includeInIndex = 0; path = PostReaderTests.xctest; sourceTree = BUILT_PRODUCTS_DIR; };
		7221C5E3224679B1002CF40F /* NetworkRouteTests.swift */ = {isa = PBXFileReference; lastKnownFileType = sourcecode.swift; path = NetworkRouteTests.swift; sourceTree = "<group>"; };
		7221C5E5224679B1002CF40F /* Info.plist */ = {isa = PBXFileReference; lastKnownFileType = text.plist.xml; path = Info.plist; sourceTree = "<group>"; };
		72452AB12251057A001B13B2 /* pl */ = {isa = PBXFileReference; lastKnownFileType = text.plist.strings; name = pl; path = pl.lproj/LaunchScreen.strings; sourceTree = "<group>"; };
		72452AB5225105B4001B13B2 /* en */ = {isa = PBXFileReference; lastKnownFileType = text.plist.strings; name = en; path = en.lproj/Localizable.strings; sourceTree = "<group>"; };
		72452AB7225105B8001B13B2 /* pl */ = {isa = PBXFileReference; lastKnownFileType = text.plist.strings; name = pl; path = pl.lproj/Localizable.strings; sourceTree = "<group>"; };
		72452AB822510685001B13B2 /* Localizing.swift */ = {isa = PBXFileReference; lastKnownFileType = sourcecode.swift; path = Localizing.swift; sourceTree = "<group>"; };
		724D0C0B224F848100B4C940 /* Photo.swift */ = {isa = PBXFileReference; lastKnownFileType = sourcecode.swift; path = Photo.swift; sourceTree = "<group>"; };
		724D0C0F224F856900B4C940 /* Clearing.swift */ = {isa = PBXFileReference; lastKnownFileType = sourcecode.swift; path = Clearing.swift; sourceTree = "<group>"; };
		724D0C12224F85BB00B4C940 /* UIImageViewClearing.swift */ = {isa = PBXFileReference; lastKnownFileType = sourcecode.swift; path = UIImageViewClearing.swift; sourceTree = "<group>"; };
		724D0C14224F8D8600B4C940 /* PostView.swift */ = {isa = PBXFileReference; lastKnownFileType = sourcecode.swift; path = PostView.swift; sourceTree = "<group>"; };
		724D0C18224F8E4C00B4C940 /* PhotoPostView.swift */ = {isa = PBXFileReference; lastKnownFileType = sourcecode.swift; path = PhotoPostView.swift; sourceTree = "<group>"; };
		724D0C1A224F8FBB00B4C940 /* PhotoPostCell.swift */ = {isa = PBXFileReference; lastKnownFileType = sourcecode.swift; path = PhotoPostCell.swift; sourceTree = "<group>"; };
		724D0C1C224F909D00B4C940 /* ImageViewModel.swift */ = {isa = PBXFileReference; lastKnownFileType = sourcecode.swift; path = ImageViewModel.swift; sourceTree = "<group>"; };
		724D0C1F224FC2EF00B4C940 /* PostViewModel.swift */ = {isa = PBXFileReference; lastKnownFileType = sourcecode.swift; path = PostViewModel.swift; sourceTree = "<group>"; };
		724D0C21224FC36900B4C940 /* PhotoPostViewModel.swift */ = {isa = PBXFileReference; lastKnownFileType = sourcecode.swift; path = PhotoPostViewModel.swift; sourceTree = "<group>"; };
		724D0C24224FC4ED00B4C940 /* PhotoPostViewModelTests.swift */ = {isa = PBXFileReference; lastKnownFileType = sourcecode.swift; path = PhotoPostViewModelTests.swift; sourceTree = "<group>"; };
		724D0C26224FC83900B4C940 /* PostViewModelFactory.swift */ = {isa = PBXFileReference; lastKnownFileType = sourcecode.swift; path = PostViewModelFactory.swift; sourceTree = "<group>"; };
		724D0C2B224FCAC800B4C940 /* PostViewModelFactory.swift */ = {isa = PBXFileReference; lastKnownFileType = sourcecode.swift; path = PostViewModelFactory.swift; sourceTree = "<group>"; };
		724D0C2D224FDB1100B4C940 /* Colors.swift */ = {isa = PBXFileReference; lastKnownFileType = sourcecode.swift; path = Colors.swift; sourceTree = "<group>"; };
		7255CDC12246A85B00C41E84 /* NetworkRepository.swift */ = {isa = PBXFileReference; lastKnownFileType = sourcecode.swift; path = NetworkRepository.swift; sourceTree = "<group>"; };
		7255CDC32246A8B100C41E84 /* AnyRepository.swift */ = {isa = PBXFileReference; lastKnownFileType = sourcecode.swift; path = AnyRepository.swift; sourceTree = "<group>"; };
		7255CDC52246A91600C41E84 /* Specification.swift */ = {isa = PBXFileReference; lastKnownFileType = sourcecode.swift; path = Specification.swift; sourceTree = "<group>"; };
		7255CDC72246A92F00C41E84 /* NetworkSpecification.swift */ = {isa = PBXFileReference; lastKnownFileType = sourcecode.swift; path = NetworkSpecification.swift; sourceTree = "<group>"; };
		7255CDC92246A9B900C41E84 /* RepositoryQueryResult.swift */ = {isa = PBXFileReference; lastKnownFileType = sourcecode.swift; path = RepositoryQueryResult.swift; sourceTree = "<group>"; };
		7255CDCE2246AB0400C41E84 /* RepositoryMock.swift */ = {isa = PBXFileReference; lastKnownFileType = sourcecode.swift; path = RepositoryMock.swift; sourceTree = "<group>"; };
		7255CDD22246AC4F00C41E84 /* NetworkRepositoryTests.swift */ = {isa = PBXFileReference; lastKnownFileType = sourcecode.swift; path = NetworkRepositoryTests.swift; sourceTree = "<group>"; };
		7255CDD52246AD5E00C41E84 /* SpecificationMock.swift */ = {isa = PBXFileReference; lastKnownFileType = sourcecode.swift; path = SpecificationMock.swift; sourceTree = "<group>"; };
		7255CDD92246AFCD00C41E84 /* Comparisons.swift */ = {isa = PBXFileReference; lastKnownFileType = sourcecode.swift; path = Comparisons.swift; sourceTree = "<group>"; };
		7255CDDB2246B07F00C41E84 /* AnyRepositoryTests.swift */ = {isa = PBXFileReference; lastKnownFileType = sourcecode.swift; path = AnyRepositoryTests.swift; sourceTree = "<group>"; };
		72602F0C22476EE80096FE34 /* PostsSpecification.swift */ = {isa = PBXFileReference; lastKnownFileType = sourcecode.swift; path = PostsSpecification.swift; sourceTree = "<group>"; };
		72602F0F224771F40096FE34 /* CustomView.swift */ = {isa = PBXFileReference; lastKnownFileType = sourcecode.swift; path = CustomView.swift; sourceTree = "<group>"; };
		72602F15224773BB0096FE34 /* CustomViewController.swift */ = {isa = PBXFileReference; lastKnownFileType = sourcecode.swift; path = CustomViewController.swift; sourceTree = "<group>"; };
		72602F18224774090096FE34 /* PostsView.swift */ = {isa = PBXFileReference; lastKnownFileType = sourcecode.swift; path = PostsView.swift; sourceTree = "<group>"; };
		72602F1A224775130096FE34 /* PostsViewController.swift */ = {isa = PBXFileReference; lastKnownFileType = sourcecode.swift; path = PostsViewController.swift; sourceTree = "<group>"; };
		72602F1C22477F6B0096FE34 /* TextPostView.swift */ = {isa = PBXFileReference; lastKnownFileType = sourcecode.swift; path = TextPostView.swift; sourceTree = "<group>"; };
		72602F1E2247808C0096FE34 /* CustomTableViewCell.swift */ = {isa = PBXFileReference; lastKnownFileType = sourcecode.swift; path = CustomTableViewCell.swift; sourceTree = "<group>"; };
		72602F20224781220096FE34 /* FatalErroring.swift */ = {isa = PBXFileReference; lastKnownFileType = sourcecode.swift; path = FatalErroring.swift; sourceTree = "<group>"; };
		72602F23224781A00096FE34 /* CustomViewContaining.swift */ = {isa = PBXFileReference; lastKnownFileType = sourcecode.swift; path = CustomViewContaining.swift; sourceTree = "<group>"; };
		72602F26224782F20096FE34 /* Configuring.swift */ = {isa = PBXFileReference; lastKnownFileType = sourcecode.swift; path = Configuring.swift; sourceTree = "<group>"; };
		72602F28224784310096FE34 /* TextPostCell.swift */ = {isa = PBXFileReference; lastKnownFileType = sourcecode.swift; path = TextPostCell.swift; sourceTree = "<group>"; };
		72602F2B224786BB0096FE34 /* TextPostViewModel.swift */ = {isa = PBXFileReference; lastKnownFileType = sourcecode.swift; path = TextPostViewModel.swift; sourceTree = "<group>"; };
		72602F2E224787460096FE34 /* PostsViewModel.swift */ = {isa = PBXFileReference; lastKnownFileType = sourcecode.swift; path = PostsViewModel.swift; sourceTree = "<group>"; };
		72602F30224788480096FE34 /* ModelConfiguring.swift */ = {isa = PBXFileReference; lastKnownFileType = sourcecode.swift; path = ModelConfiguring.swift; sourceTree = "<group>"; };
		72602F3522478FA50096FE34 /* PostsViewModelTests.swift */ = {isa = PBXFileReference; lastKnownFileType = sourcecode.swift; path = PostsViewModelTests.swift; sourceTree = "<group>"; };
		72602F3A224793420096FE34 /* PostFactory.swift */ = {isa = PBXFileReference; lastKnownFileType = sourcecode.swift; path = PostFactory.swift; sourceTree = "<group>"; };
		72602F3C22479C830096FE34 /* CellReuseIdentifying.swift */ = {isa = PBXFileReference; lastKnownFileType = sourcecode.swift; path = CellReuseIdentifying.swift; sourceTree = "<group>"; };
		72602F3F22479D860096FE34 /* CellDequeuingAndRegistering.swift */ = {isa = PBXFileReference; lastKnownFileType = sourcecode.swift; path = CellDequeuingAndRegistering.swift; sourceTree = "<group>"; };
		72602F432247AF5E0096FE34 /* CellConfiguring.swift */ = {isa = PBXFileReference; lastKnownFileType = sourcecode.swift; path = CellConfiguring.swift; sourceTree = "<group>"; };
		72602F452247AFB90096FE34 /* PostsTableViewDataSourceAndDelegate.swift */ = {isa = PBXFileReference; lastKnownFileType = sourcecode.swift; path = PostsTableViewDataSourceAndDelegate.swift; sourceTree = "<group>"; };
		72602F472247B0180096FE34 /* PostsTableViewDataSourceAndDelegateModel.swift */ = {isa = PBXFileReference; lastKnownFileType = sourcecode.swift; path = PostsTableViewDataSourceAndDelegateModel.swift; sourceTree = "<group>"; };
		72602F492247B2A40096FE34 /* ViewLoading.swift */ = {isa = PBXFileReference; lastKnownFileType = sourcecode.swift; path = ViewLoading.swift; sourceTree = "<group>"; };
		72ABDF5122467D1600B04FDD /* NetworkRoute.swift */ = {isa = PBXFileReference; lastKnownFileType = sourcecode.swift; path = NetworkRoute.swift; sourceTree = "<group>"; };
		72ABDF5322467D3D00B04FDD /* Page.swift */ = {isa = PBXFileReference; lastKnownFileType = sourcecode.swift; path = Page.swift; sourceTree = "<group>"; };
		72ABDF552246871000B04FDD /* Post.swift */ = {isa = PBXFileReference; lastKnownFileType = sourcecode.swift; path = Post.swift; sourceTree = "<group>"; };
		72ABDF5822468E8E00B04FDD /* PostFormat.swift */ = {isa = PBXFileReference; lastKnownFileType = sourcecode.swift; path = PostFormat.swift; sourceTree = "<group>"; };
		72ABDF5B22468ECB00B04FDD /* PostType.swift */ = {isa = PBXFileReference; lastKnownFileType = sourcecode.swift; path = PostType.swift; sourceTree = "<group>"; };
		72ABDF5D224695F600B04FDD /* Posts.swift */ = {isa = PBXFileReference; lastKnownFileType = sourcecode.swift; path = Posts.swift; sourceTree = "<group>"; };
		72ABDF5F2246981600B04FDD /* Repository.swift */ = {isa = PBXFileReference; lastKnownFileType = sourcecode.swift; path = Repository.swift; sourceTree = "<group>"; };
		72BAEF5A225A4F6200C94D53 /* UnpaddedTextView.swift */ = {isa = PBXFileReference; lastKnownFileType = sourcecode.swift; path = UnpaddedTextView.swift; sourceTree = "<group>"; };
		72BAEF5C225A500100C94D53 /* HeightPreferring.swift */ = {isa = PBXFileReference; lastKnownFileType = sourcecode.swift; path = HeightPreferring.swift; sourceTree = "<group>"; };
		72BAEF5E225A5A4E00C94D53 /* UITableViewDataSourcingAndDelegating.swift */ = {isa = PBXFileReference; lastKnownFileType = sourcecode.swift; path = UITableViewDataSourcingAndDelegating.swift; sourceTree = "<group>"; };
		72BAEF60225A713800C94D53 /* PostsTableViewDataSourceAndDelegateModelTests.swift */ = {isa = PBXFileReference; lastKnownFileType = sourcecode.swift; path = PostsTableViewDataSourceAndDelegateModelTests.swift; sourceTree = "<group>"; };
		72CB6E7E22402D730038154B /* PostReader.app */ = {isa = PBXFileReference; explicitFileType = wrapper.application; includeInIndex = 0; path = PostReader.app; sourceTree = BUILT_PRODUCTS_DIR; };
		72CB6E8122402D730038154B /* AppDelegate.swift */ = {isa = PBXFileReference; lastKnownFileType = sourcecode.swift; path = AppDelegate.swift; sourceTree = "<group>"; };
		72CB6E8822402D740038154B /* Assets.xcassets */ = {isa = PBXFileReference; lastKnownFileType = folder.assetcatalog; path = Assets.xcassets; sourceTree = "<group>"; };
		72CB6E8B22402D740038154B /* Base */ = {isa = PBXFileReference; lastKnownFileType = file.storyboard; name = Base; path = Base.lproj/LaunchScreen.storyboard; sourceTree = "<group>"; };
		72CB6E8D22402D740038154B /* Info.plist */ = {isa = PBXFileReference; lastKnownFileType = text.plist.xml; path = Info.plist; sourceTree = "<group>"; };
		72E9FBF82252984D00F853DA /* RepositoryAction.swift */ = {isa = PBXFileReference; lastKnownFileType = sourcecode.swift; path = RepositoryAction.swift; sourceTree = "<group>"; };
		72E9FBFA2252987700F853DA /* NetworkRepositoryAction.swift */ = {isa = PBXFileReference; lastKnownFileType = sourcecode.swift; path = NetworkRepositoryAction.swift; sourceTree = "<group>"; };
		72F6F756224BF8660071C639 /* TextPostViewModelTests.swift */ = {isa = PBXFileReference; lastKnownFileType = sourcecode.swift; path = TextPostViewModelTests.swift; sourceTree = "<group>"; };
		7F224DFE8C33F922F92BF636 /* Pods_PostReaderTests.framework */ = {isa = PBXFileReference; explicitFileType = wrapper.framework; includeInIndex = 0; path = Pods_PostReaderTests.framework; sourceTree = BUILT_PRODUCTS_DIR; };
		8C1806839A3D517CB4EC3A33 /* Pods-PostReaderTests.debug.xcconfig */ = {isa = PBXFileReference; includeInIndex = 1; lastKnownFileType = text.xcconfig; name = "Pods-PostReaderTests.debug.xcconfig"; path = "Target Support Files/Pods-PostReaderTests/Pods-PostReaderTests.debug.xcconfig"; sourceTree = "<group>"; };
		A33FAE3101BA834C709AE999 /* Pods-PostReaderTests.release.xcconfig */ = {isa = PBXFileReference; includeInIndex = 1; lastKnownFileType = text.xcconfig; name = "Pods-PostReaderTests.release.xcconfig"; path = "Target Support Files/Pods-PostReaderTests/Pods-PostReaderTests.release.xcconfig"; sourceTree = "<group>"; };
/* End PBXFileReference section */

/* Begin PBXFrameworksBuildPhase section */
		7221C5DE224679B1002CF40F /* Frameworks */ = {
			isa = PBXFrameworksBuildPhase;
			buildActionMask = 2147483647;
			files = (
				265DB75855F5D1FEE6192E93 /* Pods_PostReaderTests.framework in Frameworks */,
			);
			runOnlyForDeploymentPostprocessing = 0;
		};
		72CB6E7B22402D730038154B /* Frameworks */ = {
			isa = PBXFrameworksBuildPhase;
			buildActionMask = 2147483647;
			files = (
				B3A6D3FD1F54330FDA71318B /* Pods_PostReader.framework in Frameworks */,
			);
			runOnlyForDeploymentPostprocessing = 0;
		};
/* End PBXFrameworksBuildPhase section */

/* Begin PBXGroup section */
		6B59982191E2BB3620F5A460 /* Frameworks */ = {
			isa = PBXGroup;
			children = (
				0F1F8F49F869E81D64A5FFB2 /* Pods_PostReader.framework */,
				7F224DFE8C33F922F92BF636 /* Pods_PostReaderTests.framework */,
			);
			name = Frameworks;
			sourceTree = "<group>";
		};
		7221C5E2224679B1002CF40F /* PostReaderTests */ = {
			isa = PBXGroup;
			children = (
				7255CDD92246AFCD00C41E84 /* Comparisons.swift */,
				7255CDD02246ABF900C41E84 /* DataAccessTests */,
				72602F37224793020096FE34 /* Factories */,
				7221C5E5224679B1002CF40F /* Info.plist */,
				7255CDCB2246AABF00C41E84 /* Mocks */,
				72602F3322478F6F0096FE34 /* ViewModelsTests */,
			);
			path = PostReaderTests;
			sourceTree = "<group>";
		};
		724D0C16224F8DEA00B4C940 /* Photo */ = {
			isa = PBXGroup;
			children = (
				724D0C1A224F8FBB00B4C940 /* PhotoPostCell.swift */,
				724D0C18224F8E4C00B4C940 /* PhotoPostView.swift */,
			);
			path = Photo;
			sourceTree = "<group>";
		};
		724D0C17224F8E1F00B4C940 /* Items */ = {
			isa = PBXGroup;
			children = (
				724D0C16224F8DEA00B4C940 /* Photo */,
				72090E932250DB44002EB632 /* PostCell.swift */,
				724D0C14224F8D8600B4C940 /* PostView.swift */,
				72F6F755224BF7290071C639 /* Text */,
			);
			path = Items;
			sourceTree = "<group>";
		};
		724D0C1E224FC2DF00B4C940 /* Items */ = {
			isa = PBXGroup;
			children = (
				724D0C21224FC36900B4C940 /* PhotoPostViewModel.swift */,
				724D0C1F224FC2EF00B4C940 /* PostViewModel.swift */,
				724D0C26224FC83900B4C940 /* PostViewModelFactory.swift */,
				72602F2B224786BB0096FE34 /* TextPostViewModel.swift */,
			);
			path = Items;
			sourceTree = "<group>";
		};
		724D0C23224FC4C700B4C940 /* ItemsTests */ = {
			isa = PBXGroup;
			children = (
				724D0C24224FC4ED00B4C940 /* PhotoPostViewModelTests.swift */,
				72F6F756224BF8660071C639 /* TextPostViewModelTests.swift */,
			);
			path = ItemsTests;
			sourceTree = "<group>";
		};
		724D0C28224FCA9B00B4C940 /* ViewModels */ = {
			isa = PBXGroup;
			children = (
				724D0C29224FCAA900B4C940 /* Posts */,
			);
			path = ViewModels;
			sourceTree = "<group>";
		};
		724D0C29224FCAA900B4C940 /* Posts */ = {
			isa = PBXGroup;
			children = (
				724D0C2A224FCAB300B4C940 /* Items */,
			);
			path = Posts;
			sourceTree = "<group>";
		};
		724D0C2A224FCAB300B4C940 /* Items */ = {
			isa = PBXGroup;
			children = (
				724D0C2B224FCAC800B4C940 /* PostViewModelFactory.swift */,
			);
			path = Items;
			sourceTree = "<group>";
		};
		7255CDBE2246A7ED00C41E84 /* DataAccess */ = {
			isa = PBXGroup;
			children = (
				72ABDF5122467D1600B04FDD /* NetworkRoute.swift */,
				7255CDBF2246A80F00C41E84 /* Repositories */,
				7255CDC02246A83600C41E84 /* Specifications */,
			);
			path = DataAccess;
			sourceTree = "<group>";
		};
		7255CDBF2246A80F00C41E84 /* Repositories */ = {
			isa = PBXGroup;
			children = (
				72E9FBF72252983F00F853DA /* Actions */,
				7255CDC32246A8B100C41E84 /* AnyRepository.swift */,
				7255CDC12246A85B00C41E84 /* NetworkRepository.swift */,
				72ABDF5F2246981600B04FDD /* Repository.swift */,
				7255CDC92246A9B900C41E84 /* RepositoryQueryResult.swift */,
			);
			path = Repositories;
			sourceTree = "<group>";
		};
		7255CDC02246A83600C41E84 /* Specifications */ = {
			isa = PBXGroup;
			children = (
				7255CDC72246A92F00C41E84 /* NetworkSpecification.swift */,
				72602F0C22476EE80096FE34 /* PostsSpecification.swift */,
				7255CDC52246A91600C41E84 /* Specification.swift */,
			);
			path = Specifications;
			sourceTree = "<group>";
		};
		7255CDCB2246AABF00C41E84 /* Mocks */ = {
			isa = PBXGroup;
			children = (
				7255CDCC2246AADD00C41E84 /* DataAccess */,
			);
			path = Mocks;
			sourceTree = "<group>";
		};
		7255CDCC2246AADD00C41E84 /* DataAccess */ = {
			isa = PBXGroup;
			children = (
				7255CDD42246AD3900C41E84 /* Specifications */,
				7255CDCD2246AAE500C41E84 /* Repositories */,
			);
			path = DataAccess;
			sourceTree = "<group>";
		};
		7255CDCD2246AAE500C41E84 /* Repositories */ = {
			isa = PBXGroup;
			children = (
				7255CDCE2246AB0400C41E84 /* RepositoryMock.swift */,
			);
			path = Repositories;
			sourceTree = "<group>";
		};
		7255CDD02246ABF900C41E84 /* DataAccessTests */ = {
			isa = PBXGroup;
			children = (
				7221C5E3224679B1002CF40F /* NetworkRouteTests.swift */,
				7255CDD12246AC1200C41E84 /* RepositoriesTests */,
			);
			path = DataAccessTests;
			sourceTree = "<group>";
		};
		7255CDD12246AC1200C41E84 /* RepositoriesTests */ = {
			isa = PBXGroup;
			children = (
				7255CDDB2246B07F00C41E84 /* AnyRepositoryTests.swift */,
				7255CDD22246AC4F00C41E84 /* NetworkRepositoryTests.swift */,
			);
			path = RepositoriesTests;
			sourceTree = "<group>";
		};
		7255CDD42246AD3900C41E84 /* Specifications */ = {
			isa = PBXGroup;
			children = (
				7255CDD52246AD5E00C41E84 /* SpecificationMock.swift */,
			);
			path = Specifications;
			sourceTree = "<group>";
		};
		72602F0E224771CF0096FE34 /* Views */ = {
			isa = PBXGroup;
			children = (
				72602F1E2247808C0096FE34 /* CustomTableViewCell.swift */,
				72602F0F224771F40096FE34 /* CustomView.swift */,
				72602F15224773BB0096FE34 /* CustomViewController.swift */,
				72090E8F2250D621002EB632 /* ImageView.swift */,
				72602F17224773ED0096FE34 /* Posts */,
				72BAEF5A225A4F6200C94D53 /* UnpaddedTextView.swift */,
			);
			path = Views;
			sourceTree = "<group>";
		};
		72602F17224773ED0096FE34 /* Posts */ = {
			isa = PBXGroup;
			children = (
				724D0C17224F8E1F00B4C940 /* Items */,
				72602F452247AFB90096FE34 /* PostsTableViewDataSourceAndDelegate.swift */,
				72602F18224774090096FE34 /* PostsView.swift */,
				72602F1A224775130096FE34 /* PostsViewController.swift */,
			);
			path = Posts;
			sourceTree = "<group>";
		};
		72602F222247817C0096FE34 /* UI */ = {
			isa = PBXGroup;
			children = (
				724D0C2D224FDB1100B4C940 /* Colors.swift */,
				72090E8D2250D3BC002EB632 /* Margin.swift */,
				72602F4122479DBA0096FE34 /* Utilities */,
				72602F0E224771CF0096FE34 /* Views */,
			);
			path = UI;
			sourceTree = "<group>";
		};
		72602F25224782C60096FE34 /* Utilities */ = {
			isa = PBXGroup;
			children = (
				72602F3C22479C830096FE34 /* CellReuseIdentifying.swift */,
				724D0C0F224F856900B4C940 /* Clearing.swift */,
				72602F322247889F0096FE34 /* Configuring */,
				72602F20224781220096FE34 /* FatalErroring.swift */,
				72452AB822510685001B13B2 /* Localizing.swift */,
				72602F492247B2A40096FE34 /* ViewLoading.swift */,
			);
			path = Utilities;
			sourceTree = "<group>";
		};
		72602F2A224786720096FE34 /* ViewModels */ = {
			isa = PBXGroup;
			children = (
				724D0C1C224F909D00B4C940 /* ImageViewModel.swift */,
				72602F2D224787290096FE34 /* Posts */,
				72090E912250D6B1002EB632 /* TextViewModel.swift */,
			);
			path = ViewModels;
			sourceTree = "<group>";
		};
		72602F2D224787290096FE34 /* Posts */ = {
			isa = PBXGroup;
			children = (
				724D0C1E224FC2DF00B4C940 /* Items */,
				72602F472247B0180096FE34 /* PostsTableViewDataSourceAndDelegateModel.swift */,
				72602F2E224787460096FE34 /* PostsViewModel.swift */,
			);
			path = Posts;
			sourceTree = "<group>";
		};
		72602F322247889F0096FE34 /* Configuring */ = {
			isa = PBXGroup;
			children = (
				72602F26224782F20096FE34 /* Configuring.swift */,
				72602F30224788480096FE34 /* ModelConfiguring.swift */,
			);
			path = Configuring;
			sourceTree = "<group>";
		};
		72602F3322478F6F0096FE34 /* ViewModelsTests */ = {
			isa = PBXGroup;
			children = (
				72602F3422478F8E0096FE34 /* PostsTests */,
			);
			path = ViewModelsTests;
			sourceTree = "<group>";
		};
		72602F3422478F8E0096FE34 /* PostsTests */ = {
			isa = PBXGroup;
			children = (
				724D0C23224FC4C700B4C940 /* ItemsTests */,
				72BAEF60225A713800C94D53 /* PostsTableViewDataSourceAndDelegateModelTests.swift */,
				72602F3522478FA50096FE34 /* PostsViewModelTests.swift */,
			);
			path = PostsTests;
			sourceTree = "<group>";
		};
		72602F37224793020096FE34 /* Factories */ = {
			isa = PBXGroup;
			children = (
				72602F382247930F0096FE34 /* Models */,
				724D0C28224FCA9B00B4C940 /* ViewModels */,
			);
			path = Factories;
			sourceTree = "<group>";
		};
		72602F382247930F0096FE34 /* Models */ = {
			isa = PBXGroup;
			children = (
				72602F39224793180096FE34 /* Posts */,
			);
			path = Models;
			sourceTree = "<group>";
		};
		72602F39224793180096FE34 /* Posts */ = {
			isa = PBXGroup;
			children = (
				72602F3A224793420096FE34 /* PostFactory.swift */,
			);
			path = Posts;
			sourceTree = "<group>";
		};
		72602F4122479DBA0096FE34 /* Utilities */ = {
			isa = PBXGroup;
			children = (
				72602F422247AF4C0096FE34 /* Cell */,
				72602F23224781A00096FE34 /* CustomViewContaining.swift */,
				72BAEF5C225A500100C94D53 /* HeightPreferring.swift */,
				724D0C12224F85BB00B4C940 /* UIImageViewClearing.swift */,
				72BAEF5E225A5A4E00C94D53 /* UITableViewDataSourcingAndDelegating.swift */,
			);
			path = Utilities;
			sourceTree = "<group>";
		};
		72602F422247AF4C0096FE34 /* Cell */ = {
			isa = PBXGroup;
			children = (
				72602F432247AF5E0096FE34 /* CellConfiguring.swift */,
				72602F3F22479D860096FE34 /* CellDequeuingAndRegistering.swift */,
			);
			path = Cell;
			sourceTree = "<group>";
		};
		72ABDF5722468E5F00B04FDD /* Models */ = {
			isa = PBXGroup;
			children = (
				72ABDF5322467D3D00B04FDD /* Page.swift */,
				724D0C0B224F848100B4C940 /* Photo.swift */,
				72ABDF5A22468EBC00B04FDD /* Posts */,
			);
			path = Models;
			sourceTree = "<group>";
		};
		72ABDF5A22468EBC00B04FDD /* Posts */ = {
			isa = PBXGroup;
			children = (
				72ABDF552246871000B04FDD /* Post.swift */,
				72ABDF5822468E8E00B04FDD /* PostFormat.swift */,
				72ABDF5B22468ECB00B04FDD /* PostType.swift */,
				72ABDF5D224695F600B04FDD /* Posts.swift */,
			);
			path = Posts;
			sourceTree = "<group>";
		};
		72CB6E7522402D730038154B = {
			isa = PBXGroup;
			children = (
				6B59982191E2BB3620F5A460 /* Frameworks */,
				93B74391CFC85AE793F5266C /* Pods */,
				72CB6E8022402D730038154B /* PostReader */,
				7221C5E2224679B1002CF40F /* PostReaderTests */,
				72CB6E7F22402D730038154B /* Products */,
			);
			sourceTree = "<group>";
		};
		72CB6E7F22402D730038154B /* Products */ = {
			isa = PBXGroup;
			children = (
				72CB6E7E22402D730038154B /* PostReader.app */,
				7221C5E1224679B1002CF40F /* PostReaderTests.xctest */,
			);
			name = Products;
			sourceTree = "<group>";
		};
		72CB6E8022402D730038154B /* PostReader */ = {
			isa = PBXGroup;
			children = (
				72CB6E8122402D730038154B /* AppDelegate.swift */,
				72CB6E8822402D740038154B /* Assets.xcassets */,
				7255CDBE2246A7ED00C41E84 /* DataAccess */,
				72CB6E8D22402D740038154B /* Info.plist */,
				72CB6E8A22402D740038154B /* LaunchScreen.storyboard */,
				72452AB6225105B4001B13B2 /* Localizable.strings */,
				72ABDF5722468E5F00B04FDD /* Models */,
				72602F222247817C0096FE34 /* UI */,
				72602F25224782C60096FE34 /* Utilities */,
				72602F2A224786720096FE34 /* ViewModels */,
			);
			path = PostReader;
			sourceTree = "<group>";
		};
		72E9FBF72252983F00F853DA /* Actions */ = {
			isa = PBXGroup;
			children = (
				72E9FBFA2252987700F853DA /* NetworkRepositoryAction.swift */,
				72E9FBF82252984D00F853DA /* RepositoryAction.swift */,
			);
			path = Actions;
			sourceTree = "<group>";
		};
		72F6F755224BF7290071C639 /* Text */ = {
			isa = PBXGroup;
			children = (
				72602F28224784310096FE34 /* TextPostCell.swift */,
				72602F1C22477F6B0096FE34 /* TextPostView.swift */,
			);
			path = Text;
			sourceTree = "<group>";
		};
		93B74391CFC85AE793F5266C /* Pods */ = {
			isa = PBXGroup;
			children = (
				25BC28588BBB3BA69A225B3F /* Pods-PostReader.debug.xcconfig */,
				6DC781188A335F554AC78164 /* Pods-PostReader.release.xcconfig */,
				8C1806839A3D517CB4EC3A33 /* Pods-PostReaderTests.debug.xcconfig */,
				A33FAE3101BA834C709AE999 /* Pods-PostReaderTests.release.xcconfig */,
			);
			path = Pods;
			sourceTree = "<group>";
		};
/* End PBXGroup section */

/* Begin PBXNativeTarget section */
		7221C5E0224679B1002CF40F /* PostReaderTests */ = {
			isa = PBXNativeTarget;
			buildConfigurationList = 7221C5EA224679B1002CF40F /* Build configuration list for PBXNativeTarget "PostReaderTests" */;
			buildPhases = (
				592F8C66CFB58E6B90102A57 /* [CP] Check Pods Manifest.lock */,
				7221C5DD224679B1002CF40F /* Sources */,
				7221C5DE224679B1002CF40F /* Frameworks */,
				7221C5DF224679B1002CF40F /* Resources */,
				235397D0263A8BBE3C3C12F6 /* [CP] Embed Pods Frameworks */,
			);
			buildRules = (
			);
			dependencies = (
				7221C5E7224679B1002CF40F /* PBXTargetDependency */,
			);
			name = PostReaderTests;
			productName = PostReaderTests;
			productReference = 7221C5E1224679B1002CF40F /* PostReaderTests.xctest */;
			productType = "com.apple.product-type.bundle.unit-test";
		};
		72CB6E7D22402D730038154B /* PostReader */ = {
			isa = PBXNativeTarget;
			buildConfigurationList = 72CB6E9022402D740038154B /* Build configuration list for PBXNativeTarget "PostReader" */;
			buildPhases = (
				E011DCDE90827BEA96A750C1 /* [CP] Check Pods Manifest.lock */,
				72CB6E7A22402D730038154B /* Sources */,
				72CB6E7B22402D730038154B /* Frameworks */,
				72CB6E7C22402D730038154B /* Resources */,
				3A5DD240D0DA46449A3CE052 /* [CP] Embed Pods Frameworks */,
			);
			buildRules = (
			);
			dependencies = (
			);
			name = PostReader;
			productName = PostReader;
			productReference = 72CB6E7E22402D730038154B /* PostReader.app */;
			productType = "com.apple.product-type.application";
		};
/* End PBXNativeTarget section */

/* Begin PBXProject section */
		72CB6E7622402D730038154B /* Project object */ = {
			isa = PBXProject;
			attributes = {
				LastSwiftUpdateCheck = 1010;
				LastUpgradeCheck = 1010;
				ORGANIZATIONNAME = "Marcin Rainka";
				TargetAttributes = {
					7221C5E0224679B1002CF40F = {
						CreatedOnToolsVersion = 10.1;
						TestTargetID = 72CB6E7D22402D730038154B;
					};
					72CB6E7D22402D730038154B = {
						CreatedOnToolsVersion = 10.1;
					};
				};
			};
			buildConfigurationList = 72CB6E7922402D730038154B /* Build configuration list for PBXProject "PostReader" */;
			compatibilityVersion = "Xcode 9.3";
			developmentRegion = en;
			hasScannedForEncodings = 0;
			knownRegions = (
				en,
				Base,
				pl,
			);
			mainGroup = 72CB6E7522402D730038154B;
			productRefGroup = 72CB6E7F22402D730038154B /* Products */;
			projectDirPath = "";
			projectRoot = "";
			targets = (
				72CB6E7D22402D730038154B /* PostReader */,
				7221C5E0224679B1002CF40F /* PostReaderTests */,
			);
		};
/* End PBXProject section */

/* Begin PBXResourcesBuildPhase section */
		7221C5DF224679B1002CF40F /* Resources */ = {
			isa = PBXResourcesBuildPhase;
			buildActionMask = 2147483647;
			files = (
			);
			runOnlyForDeploymentPostprocessing = 0;
		};
		72CB6E7C22402D730038154B /* Resources */ = {
			isa = PBXResourcesBuildPhase;
			buildActionMask = 2147483647;
			files = (
				72CB6E8C22402D740038154B /* LaunchScreen.storyboard in Resources */,
				72452AB4225105B4001B13B2 /* Localizable.strings in Resources */,
				72CB6E8922402D740038154B /* Assets.xcassets in Resources */,
			);
			runOnlyForDeploymentPostprocessing = 0;
		};
/* End PBXResourcesBuildPhase section */

/* Begin PBXShellScriptBuildPhase section */
		235397D0263A8BBE3C3C12F6 /* [CP] Embed Pods Frameworks */ = {
			isa = PBXShellScriptBuildPhase;
			buildActionMask = 2147483647;
			files = (
			);
			inputFileListPaths = (
			);
			inputPaths = (
				"${PODS_ROOT}/Target Support Files/Pods-PostReaderTests/Pods-PostReaderTests-frameworks.sh",
				"${BUILT_PRODUCTS_DIR}/Nimble/Nimble.framework",
			);
			name = "[CP] Embed Pods Frameworks";
			outputFileListPaths = (
			);
			outputPaths = (
				"${TARGET_BUILD_DIR}/${FRAMEWORKS_FOLDER_PATH}/Nimble.framework",
			);
			runOnlyForDeploymentPostprocessing = 0;
			shellPath = /bin/sh;
			shellScript = "\"${PODS_ROOT}/Target Support Files/Pods-PostReaderTests/Pods-PostReaderTests-frameworks.sh\"\n";
			showEnvVarsInLog = 0;
		};
		3A5DD240D0DA46449A3CE052 /* [CP] Embed Pods Frameworks */ = {
			isa = PBXShellScriptBuildPhase;
			buildActionMask = 2147483647;
			files = (
			);
			inputFileListPaths = (
			);
			inputPaths = (
				"${PODS_ROOT}/Target Support Files/Pods-PostReader/Pods-PostReader-frameworks.sh",
				"${BUILT_PRODUCTS_DIR}/Alamofire/Alamofire.framework",
				"${BUILT_PRODUCTS_DIR}/AlamofireImage/AlamofireImage.framework",
				"${BUILT_PRODUCTS_DIR}/RxAtomic/RxAtomic.framework",
				"${BUILT_PRODUCTS_DIR}/RxCocoa/RxCocoa.framework",
				"${BUILT_PRODUCTS_DIR}/RxSwift/RxSwift.framework",
				"${BUILT_PRODUCTS_DIR}/SnapKit/SnapKit.framework",
				"${BUILT_PRODUCTS_DIR}/UIScrollView-InfiniteScroll/UIScrollView_InfiniteScroll.framework",
			);
			name = "[CP] Embed Pods Frameworks";
			outputFileListPaths = (
			);
			outputPaths = (
				"${TARGET_BUILD_DIR}/${FRAMEWORKS_FOLDER_PATH}/Alamofire.framework",
				"${TARGET_BUILD_DIR}/${FRAMEWORKS_FOLDER_PATH}/AlamofireImage.framework",
				"${TARGET_BUILD_DIR}/${FRAMEWORKS_FOLDER_PATH}/RxAtomic.framework",
				"${TARGET_BUILD_DIR}/${FRAMEWORKS_FOLDER_PATH}/RxCocoa.framework",
				"${TARGET_BUILD_DIR}/${FRAMEWORKS_FOLDER_PATH}/RxSwift.framework",
				"${TARGET_BUILD_DIR}/${FRAMEWORKS_FOLDER_PATH}/SnapKit.framework",
				"${TARGET_BUILD_DIR}/${FRAMEWORKS_FOLDER_PATH}/UIScrollView_InfiniteScroll.framework",
			);
			runOnlyForDeploymentPostprocessing = 0;
			shellPath = /bin/sh;
			shellScript = "\"${PODS_ROOT}/Target Support Files/Pods-PostReader/Pods-PostReader-frameworks.sh\"\n";
			showEnvVarsInLog = 0;
		};
		592F8C66CFB58E6B90102A57 /* [CP] Check Pods Manifest.lock */ = {
			isa = PBXShellScriptBuildPhase;
			buildActionMask = 2147483647;
			files = (
			);
			inputFileListPaths = (
			);
			inputPaths = (
				"${PODS_PODFILE_DIR_PATH}/Podfile.lock",
				"${PODS_ROOT}/Manifest.lock",
			);
			name = "[CP] Check Pods Manifest.lock";
			outputFileListPaths = (
			);
			outputPaths = (
				"$(DERIVED_FILE_DIR)/Pods-PostReaderTests-checkManifestLockResult.txt",
			);
			runOnlyForDeploymentPostprocessing = 0;
			shellPath = /bin/sh;
			shellScript = "diff \"${PODS_PODFILE_DIR_PATH}/Podfile.lock\" \"${PODS_ROOT}/Manifest.lock\" > /dev/null\nif [ $? != 0 ] ; then\n    # print error to STDERR\n    echo \"error: The sandbox is not in sync with the Podfile.lock. Run 'pod install' or update your CocoaPods installation.\" >&2\n    exit 1\nfi\n# This output is used by Xcode 'outputs' to avoid re-running this script phase.\necho \"SUCCESS\" > \"${SCRIPT_OUTPUT_FILE_0}\"\n";
			showEnvVarsInLog = 0;
		};
		E011DCDE90827BEA96A750C1 /* [CP] Check Pods Manifest.lock */ = {
			isa = PBXShellScriptBuildPhase;
			buildActionMask = 2147483647;
			files = (
			);
			inputFileListPaths = (
			);
			inputPaths = (
				"${PODS_PODFILE_DIR_PATH}/Podfile.lock",
				"${PODS_ROOT}/Manifest.lock",
			);
			name = "[CP] Check Pods Manifest.lock";
			outputFileListPaths = (
			);
			outputPaths = (
				"$(DERIVED_FILE_DIR)/Pods-PostReader-checkManifestLockResult.txt",
			);
			runOnlyForDeploymentPostprocessing = 0;
			shellPath = /bin/sh;
			shellScript = "diff \"${PODS_PODFILE_DIR_PATH}/Podfile.lock\" \"${PODS_ROOT}/Manifest.lock\" > /dev/null\nif [ $? != 0 ] ; then\n    # print error to STDERR\n    echo \"error: The sandbox is not in sync with the Podfile.lock. Run 'pod install' or update your CocoaPods installation.\" >&2\n    exit 1\nfi\n# This output is used by Xcode 'outputs' to avoid re-running this script phase.\necho \"SUCCESS\" > \"${SCRIPT_OUTPUT_FILE_0}\"\n";
			showEnvVarsInLog = 0;
		};
/* End PBXShellScriptBuildPhase section */

/* Begin PBXSourcesBuildPhase section */
		7221C5DD224679B1002CF40F /* Sources */ = {
			isa = PBXSourcesBuildPhase;
			buildActionMask = 2147483647;
			files = (
				7221C5E4224679B1002CF40F /* NetworkRouteTests.swift in Sources */,
				7255CDD62246AD5E00C41E84 /* SpecificationMock.swift in Sources */,
				72602F3B224793420096FE34 /* PostFactory.swift in Sources */,
				724D0C2C224FCAC800B4C940 /* PostViewModelFactory.swift in Sources */,
				72F6F757224BF8660071C639 /* TextPostViewModelTests.swift in Sources */,
				7255CDDC2246B07F00C41E84 /* AnyRepositoryTests.swift in Sources */,
				7255CDCF2246AB0400C41E84 /* RepositoryMock.swift in Sources */,
				72BAEF61225A713800C94D53 /* PostsTableViewDataSourceAndDelegateModelTests.swift in Sources */,
				7255CDD32246AC4F00C41E84 /* NetworkRepositoryTests.swift in Sources */,
				72602F3622478FA50096FE34 /* PostsViewModelTests.swift in Sources */,
				7255CDDA2246AFCD00C41E84 /* Comparisons.swift in Sources */,
				724D0C25224FC4ED00B4C940 /* PhotoPostViewModelTests.swift in Sources */,
			);
			runOnlyForDeploymentPostprocessing = 0;
		};
		72CB6E7A22402D730038154B /* Sources */ = {
			isa = PBXSourcesBuildPhase;
			buildActionMask = 2147483647;
			files = (
				72602F2C224786BB0096FE34 /* TextPostViewModel.swift in Sources */,
				724D0C2E224FDB1100B4C940 /* Colors.swift in Sources */,
				72602F10224771F40096FE34 /* CustomView.swift in Sources */,
				72BAEF5F225A5A4E00C94D53 /* UITableViewDataSourcingAndDelegating.swift in Sources */,
				72602F4A2247B2A40096FE34 /* ViewLoading.swift in Sources */,
				72452AB922510685001B13B2 /* Localizing.swift in Sources */,
				724D0C27224FC83900B4C940 /* PostViewModelFactory.swift in Sources */,
				72090E8E2250D3BC002EB632 /* Margin.swift in Sources */,
				72602F2F224787460096FE34 /* PostsViewModel.swift in Sources */,
				72E9FBFB2252987700F853DA /* NetworkRepositoryAction.swift in Sources */,
				724D0C19224F8E4C00B4C940 /* PhotoPostView.swift in Sources */,
				72E9FBF92252984D00F853DA /* RepositoryAction.swift in Sources */,
				7255CDC82246A92F00C41E84 /* NetworkSpecification.swift in Sources */,
				7255CDC22246A85B00C41E84 /* NetworkRepository.swift in Sources */,
				72ABDF5222467D1600B04FDD /* NetworkRoute.swift in Sources */,
				72602F482247B0180096FE34 /* PostsTableViewDataSourceAndDelegateModel.swift in Sources */,
				72602F4022479D860096FE34 /* CellDequeuingAndRegistering.swift in Sources */,
				72602F31224788480096FE34 /* ModelConfiguring.swift in Sources */,
				724D0C0C224F848100B4C940 /* Photo.swift in Sources */,
				72BAEF5B225A4F6200C94D53 /* UnpaddedTextView.swift in Sources */,
				724D0C22224FC36900B4C940 /* PhotoPostViewModel.swift in Sources */,
				72602F21224781220096FE34 /* FatalErroring.swift in Sources */,
				72602F19224774090096FE34 /* PostsView.swift in Sources */,
				724D0C1B224F8FBB00B4C940 /* PhotoPostCell.swift in Sources */,
				7255CDC42246A8B100C41E84 /* AnyRepository.swift in Sources */,
				724D0C13224F85BB00B4C940 /* UIImageViewClearing.swift in Sources */,
				72090E922250D6B1002EB632 /* TextViewModel.swift in Sources */,
				72602F27224782F20096FE34 /* Configuring.swift in Sources */,
				72602F1F2247808C0096FE34 /* CustomTableViewCell.swift in Sources */,
				72ABDF5E224695F600B04FDD /* Posts.swift in Sources */,
				72602F462247AFB90096FE34 /* PostsTableViewDataSourceAndDelegate.swift in Sources */,
				7255CDCA2246A9B900C41E84 /* RepositoryQueryResult.swift in Sources */,
				72CB6E8222402D730038154B /* AppDelegate.swift in Sources */,
				72602F1D22477F6B0096FE34 /* TextPostView.swift in Sources */,
				72ABDF602246981600B04FDD /* Repository.swift in Sources */,
				7255CDC62246A91600C41E84 /* Specification.swift in Sources */,
				72ABDF5922468E8E00B04FDD /* PostFormat.swift in Sources */,
				72BAEF5D225A500100C94D53 /* HeightPreferring.swift in Sources */,
				72602F1B224775130096FE34 /* PostsViewController.swift in Sources */,
				72602F442247AF5E0096FE34 /* CellConfiguring.swift in Sources */,
				72ABDF5C22468ECB00B04FDD /* PostType.swift in Sources */,
				724D0C15224F8D8600B4C940 /* PostView.swift in Sources */,
				72602F0D22476EE80096FE34 /* PostsSpecification.swift in Sources */,
				72ABDF5422467D3D00B04FDD /* Page.swift in Sources */,
				72602F3D22479C830096FE34 /* CellReuseIdentifying.swift in Sources */,
				72602F24224781A00096FE34 /* CustomViewContaining.swift in Sources */,
				724D0C20224FC2EF00B4C940 /* PostViewModel.swift in Sources */,
				72ABDF562246871000B04FDD /* Post.swift in Sources */,
				72090E902250D621002EB632 /* ImageView.swift in Sources */,
				72602F16224773BB0096FE34 /* CustomViewController.swift in Sources */,
				724D0C1D224F909E00B4C940 /* ImageViewModel.swift in Sources */,
				724D0C10224F856900B4C940 /* Clearing.swift in Sources */,
				72602F29224784310096FE34 /* TextPostCell.swift in Sources */,
				72090E942250DB44002EB632 /* PostCell.swift in Sources */,
			);
			runOnlyForDeploymentPostprocessing = 0;
		};
/* End PBXSourcesBuildPhase section */

/* Begin PBXTargetDependency section */
		7221C5E7224679B1002CF40F /* PBXTargetDependency */ = {
			isa = PBXTargetDependency;
			target = 72CB6E7D22402D730038154B /* PostReader */;
			targetProxy = 7221C5E6224679B1002CF40F /* PBXContainerItemProxy */;
		};
/* End PBXTargetDependency section */

/* Begin PBXVariantGroup section */
		72452AB6225105B4001B13B2 /* Localizable.strings */ = {
			isa = PBXVariantGroup;
			children = (
				72452AB5225105B4001B13B2 /* en */,
				72452AB7225105B8001B13B2 /* pl */,
			);
			name = Localizable.strings;
			sourceTree = "<group>";
		};
		72CB6E8A22402D740038154B /* LaunchScreen.storyboard */ = {
			isa = PBXVariantGroup;
			children = (
				72CB6E8B22402D740038154B /* Base */,
				72452AB12251057A001B13B2 /* pl */,
			);
			name = LaunchScreen.storyboard;
			sourceTree = "<group>";
		};
/* End PBXVariantGroup section */

/* Begin XCBuildConfiguration section */
		7221C5E8224679B1002CF40F /* Debug */ = {
			isa = XCBuildConfiguration;
			baseConfigurationReference = 8C1806839A3D517CB4EC3A33 /* Pods-PostReaderTests.debug.xcconfig */;
			buildSettings = {
				BUNDLE_LOADER = "$(TEST_HOST)";
				CODE_SIGN_STYLE = Automatic;
				DEVELOPMENT_TEAM = 4SBXCK5YYV;
				INFOPLIST_FILE = PostReaderTests/Info.plist;
				IPHONEOS_DEPLOYMENT_TARGET = 12.1;
				LD_RUNPATH_SEARCH_PATHS = (
					"$(inherited)",
					"@executable_path/Frameworks",
					"@loader_path/Frameworks",
				);
				PRODUCT_BUNDLE_IDENTIFIER = com.marcinrainka.PostReaderTests;
				PRODUCT_NAME = "$(TARGET_NAME)";
				SWIFT_VERSION = 4.2;
				TARGETED_DEVICE_FAMILY = "1,2";
				TEST_HOST = "$(BUILT_PRODUCTS_DIR)/PostReader.app/PostReader";
			};
			name = Debug;
		};
		7221C5E9224679B1002CF40F /* Release */ = {
			isa = XCBuildConfiguration;
			baseConfigurationReference = A33FAE3101BA834C709AE999 /* Pods-PostReaderTests.release.xcconfig */;
			buildSettings = {
				BUNDLE_LOADER = "$(TEST_HOST)";
				CODE_SIGN_STYLE = Automatic;
				DEVELOPMENT_TEAM = 4SBXCK5YYV;
				INFOPLIST_FILE = PostReaderTests/Info.plist;
				IPHONEOS_DEPLOYMENT_TARGET = 12.1;
				LD_RUNPATH_SEARCH_PATHS = (
					"$(inherited)",
					"@executable_path/Frameworks",
					"@loader_path/Frameworks",
				);
				PRODUCT_BUNDLE_IDENTIFIER = com.marcinrainka.PostReaderTests;
				PRODUCT_NAME = "$(TARGET_NAME)";
				SWIFT_VERSION = 4.2;
				TARGETED_DEVICE_FAMILY = "1,2";
				TEST_HOST = "$(BUILT_PRODUCTS_DIR)/PostReader.app/PostReader";
			};
			name = Release;
		};
		72CB6E8E22402D740038154B /* Debug */ = {
			isa = XCBuildConfiguration;
			buildSettings = {
				ALWAYS_SEARCH_USER_PATHS = NO;
				CLANG_ANALYZER_LOCALIZABILITY_NONLOCALIZED = YES;
				CLANG_ANALYZER_NONNULL = YES;
				CLANG_ANALYZER_NUMBER_OBJECT_CONVERSION = YES_AGGRESSIVE;
				CLANG_CXX_LANGUAGE_STANDARD = "gnu++14";
				CLANG_CXX_LIBRARY = "libc++";
				CLANG_ENABLE_MODULES = YES;
				CLANG_ENABLE_OBJC_ARC = YES;
				CLANG_ENABLE_OBJC_WEAK = YES;
				CLANG_WARN_BLOCK_CAPTURE_AUTORELEASING = YES;
				CLANG_WARN_BOOL_CONVERSION = YES;
				CLANG_WARN_COMMA = YES;
				CLANG_WARN_CONSTANT_CONVERSION = YES;
				CLANG_WARN_DEPRECATED_OBJC_IMPLEMENTATIONS = YES;
				CLANG_WARN_DIRECT_OBJC_ISA_USAGE = YES_ERROR;
				CLANG_WARN_DOCUMENTATION_COMMENTS = YES;
				CLANG_WARN_EMPTY_BODY = YES;
				CLANG_WARN_ENUM_CONVERSION = YES;
				CLANG_WARN_INFINITE_RECURSION = YES;
				CLANG_WARN_INT_CONVERSION = YES;
				CLANG_WARN_NON_LITERAL_NULL_CONVERSION = YES;
				CLANG_WARN_OBJC_IMPLICIT_RETAIN_SELF = YES;
				CLANG_WARN_OBJC_LITERAL_CONVERSION = YES;
				CLANG_WARN_OBJC_ROOT_CLASS = YES_ERROR;
				CLANG_WARN_RANGE_LOOP_ANALYSIS = YES;
				CLANG_WARN_STRICT_PROTOTYPES = YES;
				CLANG_WARN_SUSPICIOUS_MOVE = YES;
				CLANG_WARN_UNGUARDED_AVAILABILITY = YES_AGGRESSIVE;
				CLANG_WARN_UNREACHABLE_CODE = YES;
				CLANG_WARN__DUPLICATE_METHOD_MATCH = YES;
				CODE_SIGN_IDENTITY = "iPhone Developer";
				COPY_PHASE_STRIP = NO;
				DEBUG_INFORMATION_FORMAT = dwarf;
				ENABLE_STRICT_OBJC_MSGSEND = YES;
				ENABLE_TESTABILITY = YES;
				GCC_C_LANGUAGE_STANDARD = gnu11;
				GCC_DYNAMIC_NO_PIC = NO;
				GCC_NO_COMMON_BLOCKS = YES;
				GCC_OPTIMIZATION_LEVEL = 0;
				GCC_PREPROCESSOR_DEFINITIONS = (
					"DEBUG=1",
					"$(inherited)",
				);
				GCC_WARN_64_TO_32_BIT_CONVERSION = YES;
				GCC_WARN_ABOUT_RETURN_TYPE = YES_ERROR;
				GCC_WARN_UNDECLARED_SELECTOR = YES;
				GCC_WARN_UNINITIALIZED_AUTOS = YES_AGGRESSIVE;
				GCC_WARN_UNUSED_FUNCTION = YES;
				GCC_WARN_UNUSED_VARIABLE = YES;
				IPHONEOS_DEPLOYMENT_TARGET = 12.0;
				MTL_ENABLE_DEBUG_INFO = INCLUDE_SOURCE;
				MTL_FAST_MATH = YES;
				ONLY_ACTIVE_ARCH = YES;
				SDKROOT = iphoneos;
				SWIFT_ACTIVE_COMPILATION_CONDITIONS = DEBUG;
				SWIFT_OPTIMIZATION_LEVEL = "-Onone";
			};
			name = Debug;
		};
		72CB6E8F22402D740038154B /* Release */ = {
			isa = XCBuildConfiguration;
			buildSettings = {
				ALWAYS_SEARCH_USER_PATHS = NO;
				CLANG_ANALYZER_LOCALIZABILITY_NONLOCALIZED = YES;
				CLANG_ANALYZER_NONNULL = YES;
				CLANG_ANALYZER_NUMBER_OBJECT_CONVERSION = YES_AGGRESSIVE;
				CLANG_CXX_LANGUAGE_STANDARD = "gnu++14";
				CLANG_CXX_LIBRARY = "libc++";
				CLANG_ENABLE_MODULES = YES;
				CLANG_ENABLE_OBJC_ARC = YES;
				CLANG_ENABLE_OBJC_WEAK = YES;
				CLANG_WARN_BLOCK_CAPTURE_AUTORELEASING = YES;
				CLANG_WARN_BOOL_CONVERSION = YES;
				CLANG_WARN_COMMA = YES;
				CLANG_WARN_CONSTANT_CONVERSION = YES;
				CLANG_WARN_DEPRECATED_OBJC_IMPLEMENTATIONS = YES;
				CLANG_WARN_DIRECT_OBJC_ISA_USAGE = YES_ERROR;
				CLANG_WARN_DOCUMENTATION_COMMENTS = YES;
				CLANG_WARN_EMPTY_BODY = YES;
				CLANG_WARN_ENUM_CONVERSION = YES;
				CLANG_WARN_INFINITE_RECURSION = YES;
				CLANG_WARN_INT_CONVERSION = YES;
				CLANG_WARN_NON_LITERAL_NULL_CONVERSION = YES;
				CLANG_WARN_OBJC_IMPLICIT_RETAIN_SELF = YES;
				CLANG_WARN_OBJC_LITERAL_CONVERSION = YES;
				CLANG_WARN_OBJC_ROOT_CLASS = YES_ERROR;
				CLANG_WARN_RANGE_LOOP_ANALYSIS = YES;
				CLANG_WARN_STRICT_PROTOTYPES = YES;
				CLANG_WARN_SUSPICIOUS_MOVE = YES;
				CLANG_WARN_UNGUARDED_AVAILABILITY = YES_AGGRESSIVE;
				CLANG_WARN_UNREACHABLE_CODE = YES;
				CLANG_WARN__DUPLICATE_METHOD_MATCH = YES;
				CODE_SIGN_IDENTITY = "iPhone Developer";
				COPY_PHASE_STRIP = NO;
				DEBUG_INFORMATION_FORMAT = "dwarf-with-dsym";
				ENABLE_NS_ASSERTIONS = NO;
				ENABLE_STRICT_OBJC_MSGSEND = YES;
				GCC_C_LANGUAGE_STANDARD = gnu11;
				GCC_NO_COMMON_BLOCKS = YES;
				GCC_WARN_64_TO_32_BIT_CONVERSION = YES;
				GCC_WARN_ABOUT_RETURN_TYPE = YES_ERROR;
				GCC_WARN_UNDECLARED_SELECTOR = YES;
				GCC_WARN_UNINITIALIZED_AUTOS = YES_AGGRESSIVE;
				GCC_WARN_UNUSED_FUNCTION = YES;
				GCC_WARN_UNUSED_VARIABLE = YES;
				IPHONEOS_DEPLOYMENT_TARGET = 12.0;
				MTL_ENABLE_DEBUG_INFO = NO;
				MTL_FAST_MATH = YES;
				SDKROOT = iphoneos;
				SWIFT_COMPILATION_MODE = wholemodule;
				SWIFT_OPTIMIZATION_LEVEL = "-O";
				VALIDATE_PRODUCT = YES;
			};
			name = Release;
		};
		72CB6E9122402D740038154B /* Debug */ = {
			isa = XCBuildConfiguration;
			baseConfigurationReference = 25BC28588BBB3BA69A225B3F /* Pods-PostReader.debug.xcconfig */;
			buildSettings = {
				ASSETCATALOG_COMPILER_APPICON_NAME = AppIcon;
				CODE_SIGN_STYLE = Automatic;
				DEVELOPMENT_TEAM = 4SBXCK5YYV;
				INFOPLIST_FILE = PostReader/Info.plist;
				LD_RUNPATH_SEARCH_PATHS = (
					"$(inherited)",
					"@executable_path/Frameworks",
				);
				PRODUCT_BUNDLE_IDENTIFIER = com.marcinrainka.PostReader;
				PRODUCT_NAME = "$(TARGET_NAME)";
				SWIFT_VERSION = 4.2;
				TARGETED_DEVICE_FAMILY = "1,2";
			};
			name = Debug;
		};
		72CB6E9222402D740038154B /* Release */ = {
			isa = XCBuildConfiguration;
			baseConfigurationReference = 6DC781188A335F554AC78164 /* Pods-PostReader.release.xcconfig */;
			buildSettings = {
				ASSETCATALOG_COMPILER_APPICON_NAME = AppIcon;
				CODE_SIGN_STYLE = Automatic;
				DEVELOPMENT_TEAM = 4SBXCK5YYV;
				INFOPLIST_FILE = PostReader/Info.plist;
				LD_RUNPATH_SEARCH_PATHS = (
					"$(inherited)",
					"@executable_path/Frameworks",
				);
				PRODUCT_BUNDLE_IDENTIFIER = com.marcinrainka.PostReader;
				PRODUCT_NAME = "$(TARGET_NAME)";
				SWIFT_VERSION = 4.2;
				TARGETED_DEVICE_FAMILY = "1,2";
			};
			name = Release;
		};
/* End XCBuildConfiguration section */

/* Begin XCConfigurationList section */
		7221C5EA224679B1002CF40F /* Build configuration list for PBXNativeTarget "PostReaderTests" */ = {
			isa = XCConfigurationList;
			buildConfigurations = (
				7221C5E8224679B1002CF40F /* Debug */,
				7221C5E9224679B1002CF40F /* Release */,
			);
			defaultConfigurationIsVisible = 0;
			defaultConfigurationName = Release;
		};
		72CB6E7922402D730038154B /* Build configuration list for PBXProject "PostReader" */ = {
			isa = XCConfigurationList;
			buildConfigurations = (
				72CB6E8E22402D740038154B /* Debug */,
				72CB6E8F22402D740038154B /* Release */,
			);
			defaultConfigurationIsVisible = 0;
			defaultConfigurationName = Release;
		};
		72CB6E9022402D740038154B /* Build configuration list for PBXNativeTarget "PostReader" */ = {
			isa = XCConfigurationList;
			buildConfigurations = (
				72CB6E9122402D740038154B /* Debug */,
				72CB6E9222402D740038154B /* Release */,
			);
			defaultConfigurationIsVisible = 0;
			defaultConfigurationName = Release;
		};
/* End XCConfigurationList section */
	};
	rootObject = 72CB6E7622402D730038154B /* Project object */;
}
